
Microsoft Visual Studio Solution File, Format Version 12.00
# Visual Studio Version 16
VisualStudioVersion = 16.0.28803.352
MinimumVisualStudioVersion = 10.0.40219.1
Project("{9A19103F-16F7-4668-BE54-9A1E7A4F7556}") = "JG.FinTechTest", "JG.FinTechTest\JG.FinTechTest.csproj", "{5530B385-768B-47F0-B54A-24527694BD51}"
EndProject
Project("{9A19103F-16F7-4668-BE54-9A1E7A4F7556}") = "JG.FinTechTest.Tests", "JG.FinTechTest.Tests\JG.FinTechTest.Tests.csproj", "{F3137C9F-9A42-455D-BEE9-B50207669E56}"
EndProject
Global
	GlobalSection(SolutionConfigurationPlatforms) = preSolution
		Debug|Any CPU = Debug|Any CPU
		Release|Any CPU = Release|Any CPU
	EndGlobalSection
	GlobalSection(ProjectConfigurationPlatforms) = postSolution
		{5530B385-768B-47F0-B54A-24527694BD51}.Debug|Any CPU.ActiveCfg = Debug|Any CPU
		{5530B385-768B-47F0-B54A-24527694BD51}.Debug|Any CPU.Build.0 = Debug|Any CPU
		{5530B385-768B-47F0-B54A-24527694BD51}.Release|Any CPU.ActiveCfg = Release|Any CPU
		{5530B385-768B-47F0-B54A-24527694BD51}.Release|Any CPU.Build.0 = Release|Any CPU
		{F3137C9F-9A42-455D-BEE9-B50207669E56}.Debug|Any CPU.ActiveCfg = Debug|Any CPU
		{F3137C9F-9A42-455D-BEE9-B50207669E56}.Debug|Any CPU.Build.0 = Debug|Any CPU
		{F3137C9F-9A42-455D-BEE9-B50207669E56}.Release|Any CPU.ActiveCfg = Release|Any CPU
		{F3137C9F-9A42-455D-BEE9-B50207669E56}.Release|Any CPU.Build.0 = Release|Any CPU
	EndGlobalSection
	GlobalSection(SolutionProperties) = preSolution
		HideSolutionNode = FALSE
	EndGlobalSection
	GlobalSection(ExtensibilityGlobals) = postSolution
		SolutionGuid = {2B8E10C4-1C41-47E3-9985-5131F84E44CB}
	EndGlobalSection
EndGlobal
